// !$*UTF8*$!
{
	archiveVersion = 1;
	classes = {
	};
	objectVersion = 56;
	objects = {

/* Begin PBXBuildFile section */
		7553B28D2BF18293002FCC5C /* SettingsView.swift in Sources */ = {isa = PBXBuildFile; fileRef = 7553B28C2BF18293002FCC5C /* SettingsView.swift */; };
		7553B28F2BF18546002FCC5C /* AccountSettingsView.swift in Sources */ = {isa = PBXBuildFile; fileRef = 7553B28E2BF18546002FCC5C /* AccountSettingsView.swift */; };
		7553B2912BF18D56002FCC5C /* AccDelConfirm.swift in Sources */ = {isa = PBXBuildFile; fileRef = 7553B2902BF18D56002FCC5C /* AccDelConfirm.swift */; };
		7553B2932BF1CA6D002FCC5C /* NewUsernameView.swift in Sources */ = {isa = PBXBuildFile; fileRef = 7553B2922BF1CA6D002FCC5C /* NewUsernameView.swift */; };
		7553B2952BF1CF07002FCC5C /* PostCardLoading.swift in Sources */ = {isa = PBXBuildFile; fileRef = 7553B2942BF1CF07002FCC5C /* PostCardLoading.swift */; };
		7553B2972BF1D399002FCC5C /* FeaturedPostCardLoading.swift in Sources */ = {isa = PBXBuildFile; fileRef = 7553B2962BF1D399002FCC5C /* FeaturedPostCardLoading.swift */; };
		7553B2992BF1D474002FCC5C /* ProfileLoading.swift in Sources */ = {isa = PBXBuildFile; fileRef = 7553B2982BF1D474002FCC5C /* ProfileLoading.swift */; };
		7553B29B2BF1EB3C002FCC5C /* LaunchScreen.storyboard in Resources */ = {isa = PBXBuildFile; fileRef = 7553B29A2BF1EB3C002FCC5C /* LaunchScreen.storyboard */; };
		755800B02BF2714700D4B6FB /* SearchView.swift in Sources */ = {isa = PBXBuildFile; fileRef = 755800AF2BF2714700D4B6FB /* SearchView.swift */; };
		755800B32BF273B500D4B6FB /* Topic Enum.swift in Sources */ = {isa = PBXBuildFile; fileRef = 755800B22BF273B500D4B6FB /* Topic Enum.swift */; };
		755800B52BF27BDD00D4B6FB /* ChooseTopicView.swift in Sources */ = {isa = PBXBuildFile; fileRef = 755800B42BF27BDD00D4B6FB /* ChooseTopicView.swift */; };
		755800B82BF2881E00D4B6FB /* TabBarView.swift in Sources */ = {isa = PBXBuildFile; fileRef = 755800B72BF2881E00D4B6FB /* TabBarView.swift */; };
		7558937F2BF5208600DCF3A9 /* HomeView.swift in Sources */ = {isa = PBXBuildFile; fileRef = 7558937E2BF5208600DCF3A9 /* HomeView.swift */; };
		755893812BF5278900DCF3A9 /* PostDetailView.swift in Sources */ = {isa = PBXBuildFile; fileRef = 755893802BF5278900DCF3A9 /* PostDetailView.swift */; };
		755C00352BF71CD100892F40 /* TextFieldStyles.swift in Sources */ = {isa = PBXBuildFile; fileRef = 755C00342BF71CD100892F40 /* TextFieldStyles.swift */; };
		755F6B132BF13B0500DEC05A /* ShimmerEffect.swift in Sources */ = {isa = PBXBuildFile; fileRef = 755F6B122BF13B0500DEC05A /* ShimmerEffect.swift */; };
		755F6B162BF155A900DEC05A /* Post Protocol.swift in Sources */ = {isa = PBXBuildFile; fileRef = 755F6B152BF155A900DEC05A /* Post Protocol.swift */; };
		755F6B182BF156F200DEC05A /* PostManagement.swift in Sources */ = {isa = PBXBuildFile; fileRef = 755F6B172BF156F200DEC05A /* PostManagement.swift */; };
		755F6B1A2BF15AA300DEC05A /* PostSuccessfulView.swift in Sources */ = {isa = PBXBuildFile; fileRef = 755F6B192BF15AA300DEC05A /* PostSuccessfulView.swift */; };
		755F6B1C2BF15CEC00DEC05A /* PostTypeView.swift in Sources */ = {isa = PBXBuildFile; fileRef = 755F6B1B2BF15CEC00DEC05A /* PostTypeView.swift */; };
		755F6B1E2BF16FF500DEC05A /* AppSettingsManager.swift in Sources */ = {isa = PBXBuildFile; fileRef = 755F6B1D2BF16FF500DEC05A /* AppSettingsManager.swift */; };
		7573A9AD2BFD1DC2007A8563 /* MyProfileView.swift in Sources */ = {isa = PBXBuildFile; fileRef = 7573A9AC2BFD1DC2007A8563 /* MyProfileView.swift */; };
		757B09042BF51C8B005AC408 /* PopGestureDisabler.swift in Sources */ = {isa = PBXBuildFile; fileRef = 757B09032BF51C8B005AC408 /* PopGestureDisabler.swift */; };
		75C8C8602BEDF59D008D162B /* demonstrateApp.swift in Sources */ = {isa = PBXBuildFile; fileRef = 75C8C85F2BEDF59D008D162B /* demonstrateApp.swift */; };
		75C8C8622BEDF59D008D162B /* ContentView.swift in Sources */ = {isa = PBXBuildFile; fileRef = 75C8C8612BEDF59D008D162B /* ContentView.swift */; };
		75C8C8642BEDF59E008D162B /* Assets.xcassets in Resources */ = {isa = PBXBuildFile; fileRef = 75C8C8632BEDF59E008D162B /* Assets.xcassets */; };
		75C8C8672BEDF59E008D162B /* Preview Assets.xcassets in Resources */ = {isa = PBXBuildFile; fileRef = 75C8C8662BEDF59E008D162B /* Preview Assets.xcassets */; };
		75C8C8712BEDF59F008D162B /* demonstrateTests.swift in Sources */ = {isa = PBXBuildFile; fileRef = 75C8C8702BEDF59F008D162B /* demonstrateTests.swift */; };
		75C8C87B2BEDF59F008D162B /* demonstrateUITests.swift in Sources */ = {isa = PBXBuildFile; fileRef = 75C8C87A2BEDF59F008D162B /* demonstrateUITests.swift */; };
		75C8C87D2BEDF59F008D162B /* demonstrateUITestsLaunchTests.swift in Sources */ = {isa = PBXBuildFile; fileRef = 75C8C87C2BEDF59F008D162B /* demonstrateUITestsLaunchTests.swift */; };
		75C8C88B2BEDF5C5008D162B /* Nuke in Frameworks */ = {isa = PBXBuildFile; productRef = 75C8C88A2BEDF5C5008D162B /* Nuke */; };
		75C8C88D2BEDF5C5008D162B /* NukeExtensions in Frameworks */ = {isa = PBXBuildFile; productRef = 75C8C88C2BEDF5C5008D162B /* NukeExtensions */; };
		75C8C88F2BEDF5C5008D162B /* NukeUI in Frameworks */ = {isa = PBXBuildFile; productRef = 75C8C88E2BEDF5C5008D162B /* NukeUI */; };
		75C8C8922BEDF5F7008D162B /* Supabase in Frameworks */ = {isa = PBXBuildFile; productRef = 75C8C8912BEDF5F7008D162B /* Supabase */; };
		75C8C8952BEDF610008D162B /* Alamofire in Frameworks */ = {isa = PBXBuildFile; productRef = 75C8C8942BEDF610008D162B /* Alamofire */; };
		75C8C8982BEDF62C008D162B /* Inject in Frameworks */ = {isa = PBXBuildFile; productRef = 75C8C8972BEDF62B008D162B /* Inject */; };
		75C8C89B2BEDF6F5008D162B /* Authentication Model.swift in Sources */ = {isa = PBXBuildFile; fileRef = 75C8C89A2BEDF6F5008D162B /* Authentication Model.swift */; };
		75C8C89D2BEDF744008D162B /* Supabase Client.swift in Sources */ = {isa = PBXBuildFile; fileRef = 75C8C89C2BEDF744008D162B /* Supabase Client.swift */; };
		75C8C8A02BEE0054008D162B /* GoogleSignIn in Frameworks */ = {isa = PBXBuildFile; productRef = 75C8C89F2BEE0054008D162B /* GoogleSignIn */; };
		75C8C8A22BEE0054008D162B /* GoogleSignInSwift in Frameworks */ = {isa = PBXBuildFile; productRef = 75C8C8A12BEE0054008D162B /* GoogleSignInSwift */; };
		75C8C8A82BEE081B008D162B /* Buttons.swift in Sources */ = {isa = PBXBuildFile; fileRef = 75C8C8A72BEE081B008D162B /* Buttons.swift */; };
		75C8C8AA2BEE08C4008D162B /* Text.swift in Sources */ = {isa = PBXBuildFile; fileRef = 75C8C8A92BEE08C4008D162B /* Text.swift */; };
		75C8C8AC2BEE0916008D162B /* UnboundedFont.ttf in Resources */ = {isa = PBXBuildFile; fileRef = 75C8C8AB2BEE0916008D162B /* UnboundedFont.ttf */; };
		75C8C8B12BEE0A29008D162B /* StoreKit.framework in Frameworks */ = {isa = PBXBuildFile; fileRef = 75C8C8B02BEE0A29008D162B /* StoreKit.framework */; };
		75C8C8B32BEE0B4D008D162B /* OnboardingScreen.swift in Sources */ = {isa = PBXBuildFile; fileRef = 75C8C8B22BEE0B4D008D162B /* OnboardingScreen.swift */; };
		75C8C8B52BEE68D2008D162B /* UI Modifiers.swift in Sources */ = {isa = PBXBuildFile; fileRef = 75C8C8B42BEE68D2008D162B /* UI Modifiers.swift */; };
		75C8C8B72BEE7C33008D162B /* SignUpView.swift in Sources */ = {isa = PBXBuildFile; fileRef = 75C8C8B62BEE7C33008D162B /* SignUpView.swift */; };
		75C8C8B92BEE7C3B008D162B /* SignInView.swift in Sources */ = {isa = PBXBuildFile; fileRef = 75C8C8B82BEE7C3B008D162B /* SignInView.swift */; };
		75C8C8BC2BEE9C54008D162B /* FullscreenLoading.swift in Sources */ = {isa = PBXBuildFile; fileRef = 75C8C8BB2BEE9C54008D162B /* FullscreenLoading.swift */; };
		75C8C8BF2BEEA7B2008D162B /* CreateProfileView.swift in Sources */ = {isa = PBXBuildFile; fileRef = 75C8C8BE2BEEA7B2008D162B /* CreateProfileView.swift */; };
		75C8C8C12BEEACB9008D162B /* ProfileManagement.swift in Sources */ = {isa = PBXBuildFile; fileRef = 75C8C8C02BEEACB9008D162B /* ProfileManagement.swift */; };
		75C8C8C42BEF3254008D162B /* ProfileStruct.swift in Sources */ = {isa = PBXBuildFile; fileRef = 75C8C8C32BEF3254008D162B /* ProfileStruct.swift */; };
		75C8C8C62BEFB9D9008D162B /* OAuthUsername.swift in Sources */ = {isa = PBXBuildFile; fileRef = 75C8C8C52BEFB9D9008D162B /* OAuthUsername.swift */; };
		75C8C8C92BF04F03008D162B /* ProfileDetailView.swift in Sources */ = {isa = PBXBuildFile; fileRef = 75C8C8C82BF04F03008D162B /* ProfileDetailView.swift */; };
		75C8C8CC2BF05091008D162B /* PostCard.swift in Sources */ = {isa = PBXBuildFile; fileRef = 75C8C8CB2BF05091008D162B /* PostCard.swift */; };
		75C8C8D02BF054B0008D162B /* FeaturedPostCard.swift in Sources */ = {isa = PBXBuildFile; fileRef = 75C8C8CF2BF054B0008D162B /* FeaturedPostCard.swift */; };
		75C8C8D22BF05AD6008D162B /* WelcomeView.swift in Sources */ = {isa = PBXBuildFile; fileRef = 75C8C8D12BF05AD6008D162B /* WelcomeView.swift */; };
		75DD6C6D2BF3C62B008BD70D /* TopicView.swift in Sources */ = {isa = PBXBuildFile; fileRef = 75DD6C6C2BF3C62B008BD70D /* TopicView.swift */; };
		75DD6C6F2BF3CBAA008BD70D /* ImpressionView.swift in Sources */ = {isa = PBXBuildFile; fileRef = 75DD6C6E2BF3CBAA008BD70D /* ImpressionView.swift */; };
		75E198B52BF49740008E8BFB /* EditProfileView.swift in Sources */ = {isa = PBXBuildFile; fileRef = 75E198B42BF49740008E8BFB /* EditProfileView.swift */; };
		75E757542BF6726300B82FAE /* PetitionStruct.swift in Sources */ = {isa = PBXBuildFile; fileRef = 75E757532BF6726300B82FAE /* PetitionStruct.swift */; };
		75E757562BF6787600B82FAE /* EditPostView.swift in Sources */ = {isa = PBXBuildFile; fileRef = 75E757552BF6787600B82FAE /* EditPostView.swift */; };
		75E757582BF6A08D00B82FAE /* EventStruct.swift in Sources */ = {isa = PBXBuildFile; fileRef = 75E757572BF6A08D00B82FAE /* EventStruct.swift */; };
		75EC38952BF6A9A00043E33A /* ConfirmSignView.swift in Sources */ = {isa = PBXBuildFile; fileRef = 75EC38942BF6A9A00043E33A /* ConfirmSignView.swift */; };
/* End PBXBuildFile section */

/* Begin PBXContainerItemProxy section */
		75C8C86D2BEDF59F008D162B /* PBXContainerItemProxy */ = {
			isa = PBXContainerItemProxy;
			containerPortal = 75C8C8542BEDF59D008D162B /* Project object */;
			proxyType = 1;
			remoteGlobalIDString = 75C8C85B2BEDF59D008D162B;
			remoteInfo = demonstrate;
		};
		75C8C8772BEDF59F008D162B /* PBXContainerItemProxy */ = {
			isa = PBXContainerItemProxy;
			containerPortal = 75C8C8542BEDF59D008D162B /* Project object */;
			proxyType = 1;
			remoteGlobalIDString = 75C8C85B2BEDF59D008D162B;
			remoteInfo = demonstrate;
		};
/* End PBXContainerItemProxy section */

/* Begin PBXFileReference section */
		7553B28C2BF18293002FCC5C /* SettingsView.swift */ = {isa = PBXFileReference; lastKnownFileType = sourcecode.swift; path = SettingsView.swift; sourceTree = "<group>"; };
		7553B28E2BF18546002FCC5C /* AccountSettingsView.swift */ = {isa = PBXFileReference; lastKnownFileType = sourcecode.swift; path = AccountSettingsView.swift; sourceTree = "<group>"; };
		7553B2902BF18D56002FCC5C /* AccDelConfirm.swift */ = {isa = PBXFileReference; lastKnownFileType = sourcecode.swift; path = AccDelConfirm.swift; sourceTree = "<group>"; };
		7553B2922BF1CA6D002FCC5C /* NewUsernameView.swift */ = {isa = PBXFileReference; lastKnownFileType = sourcecode.swift; path = NewUsernameView.swift; sourceTree = "<group>"; };
		7553B2942BF1CF07002FCC5C /* PostCardLoading.swift */ = {isa = PBXFileReference; lastKnownFileType = sourcecode.swift; path = PostCardLoading.swift; sourceTree = "<group>"; };
		7553B2962BF1D399002FCC5C /* FeaturedPostCardLoading.swift */ = {isa = PBXFileReference; lastKnownFileType = sourcecode.swift; path = FeaturedPostCardLoading.swift; sourceTree = "<group>"; };
		7553B2982BF1D474002FCC5C /* ProfileLoading.swift */ = {isa = PBXFileReference; lastKnownFileType = sourcecode.swift; path = ProfileLoading.swift; sourceTree = "<group>"; };
		7553B29A2BF1EB3C002FCC5C /* LaunchScreen.storyboard */ = {isa = PBXFileReference; lastKnownFileType = file.storyboard; path = LaunchScreen.storyboard; sourceTree = "<group>"; };
		755800AF2BF2714700D4B6FB /* SearchView.swift */ = {isa = PBXFileReference; lastKnownFileType = sourcecode.swift; path = SearchView.swift; sourceTree = "<group>"; };
		755800B22BF273B500D4B6FB /* Topic Enum.swift */ = {isa = PBXFileReference; lastKnownFileType = sourcecode.swift; path = "Topic Enum.swift"; sourceTree = "<group>"; };
		755800B42BF27BDD00D4B6FB /* ChooseTopicView.swift */ = {isa = PBXFileReference; lastKnownFileType = sourcecode.swift; path = ChooseTopicView.swift; sourceTree = "<group>"; };
		755800B72BF2881E00D4B6FB /* TabBarView.swift */ = {isa = PBXFileReference; lastKnownFileType = sourcecode.swift; path = TabBarView.swift; sourceTree = "<group>"; };
		7558937E2BF5208600DCF3A9 /* HomeView.swift */ = {isa = PBXFileReference; lastKnownFileType = sourcecode.swift; path = HomeView.swift; sourceTree = "<group>"; };
		755893802BF5278900DCF3A9 /* PostDetailView.swift */ = {isa = PBXFileReference; lastKnownFileType = sourcecode.swift; path = PostDetailView.swift; sourceTree = "<group>"; };
		755C00342BF71CD100892F40 /* TextFieldStyles.swift */ = {isa = PBXFileReference; lastKnownFileType = sourcecode.swift; path = TextFieldStyles.swift; sourceTree = "<group>"; };
		755F6B122BF13B0500DEC05A /* ShimmerEffect.swift */ = {isa = PBXFileReference; lastKnownFileType = sourcecode.swift; path = ShimmerEffect.swift; sourceTree = "<group>"; };
		755F6B152BF155A900DEC05A /* Post Protocol.swift */ = {isa = PBXFileReference; lastKnownFileType = sourcecode.swift; path = "Post Protocol.swift"; sourceTree = "<group>"; };
		755F6B172BF156F200DEC05A /* PostManagement.swift */ = {isa = PBXFileReference; lastKnownFileType = sourcecode.swift; path = PostManagement.swift; sourceTree = "<group>"; };
		755F6B192BF15AA300DEC05A /* PostSuccessfulView.swift */ = {isa = PBXFileReference; lastKnownFileType = sourcecode.swift; path = PostSuccessfulView.swift; sourceTree = "<group>"; };
		755F6B1B2BF15CEC00DEC05A /* PostTypeView.swift */ = {isa = PBXFileReference; lastKnownFileType = sourcecode.swift; path = PostTypeView.swift; sourceTree = "<group>"; };
		755F6B1D2BF16FF500DEC05A /* AppSettingsManager.swift */ = {isa = PBXFileReference; lastKnownFileType = sourcecode.swift; path = AppSettingsManager.swift; sourceTree = "<group>"; };
		7573A9AC2BFD1DC2007A8563 /* MyProfileView.swift */ = {isa = PBXFileReference; lastKnownFileType = sourcecode.swift; path = MyProfileView.swift; sourceTree = "<group>"; };
		757B09032BF51C8B005AC408 /* PopGestureDisabler.swift */ = {isa = PBXFileReference; lastKnownFileType = sourcecode.swift; path = PopGestureDisabler.swift; sourceTree = "<group>"; };
		75C8C85C2BEDF59D008D162B /* Demonstrate.app */ = {isa = PBXFileReference; explicitFileType = wrapper.application; includeInIndex = 0; path = Demonstrate.app; sourceTree = BUILT_PRODUCTS_DIR; };
		75C8C85F2BEDF59D008D162B /* demonstrateApp.swift */ = {isa = PBXFileReference; lastKnownFileType = sourcecode.swift; path = demonstrateApp.swift; sourceTree = "<group>"; };
		75C8C8612BEDF59D008D162B /* ContentView.swift */ = {isa = PBXFileReference; lastKnownFileType = sourcecode.swift; path = ContentView.swift; sourceTree = "<group>"; };
		75C8C8632BEDF59E008D162B /* Assets.xcassets */ = {isa = PBXFileReference; lastKnownFileType = folder.assetcatalog; path = Assets.xcassets; sourceTree = "<group>"; };
		75C8C8662BEDF59E008D162B /* Preview Assets.xcassets */ = {isa = PBXFileReference; lastKnownFileType = folder.assetcatalog; path = "Preview Assets.xcassets"; sourceTree = "<group>"; };
		75C8C86C2BEDF59F008D162B /* DemonstrateTests.xctest */ = {isa = PBXFileReference; explicitFileType = wrapper.cfbundle; includeInIndex = 0; path = DemonstrateTests.xctest; sourceTree = BUILT_PRODUCTS_DIR; };
		75C8C8702BEDF59F008D162B /* demonstrateTests.swift */ = {isa = PBXFileReference; lastKnownFileType = sourcecode.swift; path = demonstrateTests.swift; sourceTree = "<group>"; };
		75C8C8762BEDF59F008D162B /* DemonstrateUITests.xctest */ = {isa = PBXFileReference; explicitFileType = wrapper.cfbundle; includeInIndex = 0; path = DemonstrateUITests.xctest; sourceTree = BUILT_PRODUCTS_DIR; };
		75C8C87A2BEDF59F008D162B /* demonstrateUITests.swift */ = {isa = PBXFileReference; lastKnownFileType = sourcecode.swift; path = demonstrateUITests.swift; sourceTree = "<group>"; };
		75C8C87C2BEDF59F008D162B /* demonstrateUITestsLaunchTests.swift */ = {isa = PBXFileReference; lastKnownFileType = sourcecode.swift; path = demonstrateUITestsLaunchTests.swift; sourceTree = "<group>"; };
		75C8C89A2BEDF6F5008D162B /* Authentication Model.swift */ = {isa = PBXFileReference; lastKnownFileType = sourcecode.swift; path = "Authentication Model.swift"; sourceTree = "<group>"; };
		75C8C89C2BEDF744008D162B /* Supabase Client.swift */ = {isa = PBXFileReference; lastKnownFileType = sourcecode.swift; path = "Supabase Client.swift"; sourceTree = "<group>"; };
		75C8C8A72BEE081B008D162B /* Buttons.swift */ = {isa = PBXFileReference; lastKnownFileType = sourcecode.swift; path = Buttons.swift; sourceTree = "<group>"; };
		75C8C8A92BEE08C4008D162B /* Text.swift */ = {isa = PBXFileReference; lastKnownFileType = sourcecode.swift; path = Text.swift; sourceTree = "<group>"; };
		75C8C8AB2BEE0916008D162B /* UnboundedFont.ttf */ = {isa = PBXFileReference; lastKnownFileType = file; path = UnboundedFont.ttf; sourceTree = "<group>"; };
		75C8C8AD2BEE0960008D162B /* Info.plist */ = {isa = PBXFileReference; lastKnownFileType = text.plist; name = Info.plist; path = Demonstrate/Info.plist; sourceTree = "<group>"; };
		75C8C8AE2BEE0A19008D162B /* Demonstrate.entitlements */ = {isa = PBXFileReference; lastKnownFileType = text.plist.entitlements; name = Demonstrate.entitlements; path = Demonstrate/Demonstrate.entitlements; sourceTree = "<group>"; };
		75C8C8B02BEE0A29008D162B /* StoreKit.framework */ = {isa = PBXFileReference; lastKnownFileType = wrapper.framework; name = StoreKit.framework; path = System/Library/Frameworks/StoreKit.framework; sourceTree = SDKROOT; };
		75C8C8B22BEE0B4D008D162B /* OnboardingScreen.swift */ = {isa = PBXFileReference; lastKnownFileType = sourcecode.swift; path = OnboardingScreen.swift; sourceTree = "<group>"; };
		75C8C8B42BEE68D2008D162B /* UI Modifiers.swift */ = {isa = PBXFileReference; lastKnownFileType = sourcecode.swift; path = "UI Modifiers.swift"; sourceTree = "<group>"; };
		75C8C8B62BEE7C33008D162B /* SignUpView.swift */ = {isa = PBXFileReference; lastKnownFileType = sourcecode.swift; path = SignUpView.swift; sourceTree = "<group>"; };
		75C8C8B82BEE7C3B008D162B /* SignInView.swift */ = {isa = PBXFileReference; lastKnownFileType = sourcecode.swift; path = SignInView.swift; sourceTree = "<group>"; };
		75C8C8BB2BEE9C54008D162B /* FullscreenLoading.swift */ = {isa = PBXFileReference; lastKnownFileType = sourcecode.swift; path = FullscreenLoading.swift; sourceTree = "<group>"; };
		75C8C8BE2BEEA7B2008D162B /* CreateProfileView.swift */ = {isa = PBXFileReference; lastKnownFileType = sourcecode.swift; path = CreateProfileView.swift; sourceTree = "<group>"; };
		75C8C8C02BEEACB9008D162B /* ProfileManagement.swift */ = {isa = PBXFileReference; lastKnownFileType = sourcecode.swift; path = ProfileManagement.swift; sourceTree = "<group>"; };
		75C8C8C32BEF3254008D162B /* ProfileStruct.swift */ = {isa = PBXFileReference; lastKnownFileType = sourcecode.swift; path = ProfileStruct.swift; sourceTree = "<group>"; };
		75C8C8C52BEFB9D9008D162B /* OAuthUsername.swift */ = {isa = PBXFileReference; lastKnownFileType = sourcecode.swift; path = OAuthUsername.swift; sourceTree = "<group>"; };
		75C8C8C82BF04F03008D162B /* ProfileDetailView.swift */ = {isa = PBXFileReference; lastKnownFileType = sourcecode.swift; path = ProfileDetailView.swift; sourceTree = "<group>"; };
		75C8C8CB2BF05091008D162B /* PostCard.swift */ = {isa = PBXFileReference; lastKnownFileType = sourcecode.swift; path = PostCard.swift; sourceTree = "<group>"; };
		75C8C8CF2BF054B0008D162B /* FeaturedPostCard.swift */ = {isa = PBXFileReference; lastKnownFileType = sourcecode.swift; path = FeaturedPostCard.swift; sourceTree = "<group>"; };
		75C8C8D12BF05AD6008D162B /* WelcomeView.swift */ = {isa = PBXFileReference; lastKnownFileType = sourcecode.swift; path = WelcomeView.swift; sourceTree = "<group>"; };
		75DD6C6C2BF3C62B008BD70D /* TopicView.swift */ = {isa = PBXFileReference; lastKnownFileType = sourcecode.swift; path = TopicView.swift; sourceTree = "<group>"; };
		75DD6C6E2BF3CBAA008BD70D /* ImpressionView.swift */ = {isa = PBXFileReference; lastKnownFileType = sourcecode.swift; path = ImpressionView.swift; sourceTree = "<group>"; };
		75E198B42BF49740008E8BFB /* EditProfileView.swift */ = {isa = PBXFileReference; lastKnownFileType = sourcecode.swift; path = EditProfileView.swift; sourceTree = "<group>"; };
		75E757532BF6726300B82FAE /* PetitionStruct.swift */ = {isa = PBXFileReference; lastKnownFileType = sourcecode.swift; path = PetitionStruct.swift; sourceTree = "<group>"; };
		75E757552BF6787600B82FAE /* EditPostView.swift */ = {isa = PBXFileReference; lastKnownFileType = sourcecode.swift; path = EditPostView.swift; sourceTree = "<group>"; };
		75E757572BF6A08D00B82FAE /* EventStruct.swift */ = {isa = PBXFileReference; lastKnownFileType = sourcecode.swift; path = EventStruct.swift; sourceTree = "<group>"; };
		75EC38942BF6A9A00043E33A /* ConfirmSignView.swift */ = {isa = PBXFileReference; lastKnownFileType = sourcecode.swift; path = ConfirmSignView.swift; sourceTree = "<group>"; };
/* End PBXFileReference section */

/* Begin PBXFrameworksBuildPhase section */
		75C8C8592BEDF59D008D162B /* Frameworks */ = {
			isa = PBXFrameworksBuildPhase;
			buildActionMask = 2147483647;
			files = (
				75C8C8B12BEE0A29008D162B /* StoreKit.framework in Frameworks */,
				75C8C8952BEDF610008D162B /* Alamofire in Frameworks */,
				75C8C8922BEDF5F7008D162B /* Supabase in Frameworks */,
				75C8C88F2BEDF5C5008D162B /* NukeUI in Frameworks */,
				75C8C8A22BEE0054008D162B /* GoogleSignInSwift in Frameworks */,
				75C8C88B2BEDF5C5008D162B /* Nuke in Frameworks */,
				75C8C88D2BEDF5C5008D162B /* NukeExtensions in Frameworks */,
				75C8C8982BEDF62C008D162B /* Inject in Frameworks */,
				75C8C8A02BEE0054008D162B /* GoogleSignIn in Frameworks */,
			);
			runOnlyForDeploymentPostprocessing = 0;
		};
		75C8C8692BEDF59F008D162B /* Frameworks */ = {
			isa = PBXFrameworksBuildPhase;
			buildActionMask = 2147483647;
			files = (
			);
			runOnlyForDeploymentPostprocessing = 0;
		};
		75C8C8732BEDF59F008D162B /* Frameworks */ = {
			isa = PBXFrameworksBuildPhase;
			buildActionMask = 2147483647;
			files = (
			);
			runOnlyForDeploymentPostprocessing = 0;
		};
/* End PBXFrameworksBuildPhase section */

/* Begin PBXGroup section */
		755800B12BF273A700D4B6FB /* Structs */ = {
			isa = PBXGroup;
			children = (
				755800B22BF273B500D4B6FB /* Topic Enum.swift */,
			);
			path = Structs;
			sourceTree = "<group>";
		};
		755800B62BF287D800D4B6FB /* CustomTabBar */ = {
			isa = PBXGroup;
			children = (
				755800B72BF2881E00D4B6FB /* TabBarView.swift */,
			);
			path = CustomTabBar;
			sourceTree = "<group>";
		};
		755F6B142BF1559A00DEC05A /* PostStruct */ = {
			isa = PBXGroup;
			children = (
				755F6B152BF155A900DEC05A /* Post Protocol.swift */,
				755F6B172BF156F200DEC05A /* PostManagement.swift */,
				75E757532BF6726300B82FAE /* PetitionStruct.swift */,
				75E757572BF6A08D00B82FAE /* EventStruct.swift */,
			);
			path = PostStruct;
			sourceTree = "<group>";
		};
		757B09052BF51DE9005AC408 /* UI Data Components */ = {
			isa = PBXGroup;
			children = (
				75C8C8A62BEE0809008D162B /* UI Components */,
				755800B12BF273A700D4B6FB /* Structs */,
				75C8C8C22BEF323C008D162B /* ProfileComponents */,
				75C8C8CA2BF05080008D162B /* PostComponents */,
			);
			path = "UI Data Components";
			sourceTree = "<group>";
		};
		75C8C8532BEDF59D008D162B = {
			isa = PBXGroup;
			children = (
				75C8C8AE2BEE0A19008D162B /* Demonstrate.entitlements */,
				75C8C8AD2BEE0960008D162B /* Info.plist */,
				75C8C85E2BEDF59D008D162B /* Demonstrate */,
				75C8C86F2BEDF59F008D162B /* DemonstrateTests */,
				75C8C8792BEDF59F008D162B /* DemonstrateUITests */,
				75C8C85D2BEDF59D008D162B /* Products */,
				75C8C8AF2BEE0A29008D162B /* Frameworks */,
			);
			sourceTree = "<group>";
		};
		75C8C85D2BEDF59D008D162B /* Products */ = {
			isa = PBXGroup;
			children = (
				75C8C85C2BEDF59D008D162B /* Demonstrate.app */,
				75C8C86C2BEDF59F008D162B /* DemonstrateTests.xctest */,
				75C8C8762BEDF59F008D162B /* DemonstrateUITests.xctest */,
			);
			name = Products;
			sourceTree = "<group>";
		};
		75C8C85E2BEDF59D008D162B /* Demonstrate */ = {
			isa = PBXGroup;
			children = (
				75C8C8C72BEFCEDE008D162B /* Settings & Data */,
				757B09052BF51DE9005AC408 /* UI Data Components */,
				75C8C8CD2BF05487008D162B /* MainContentPages */,
				75C8C8992BEDF6D9008D162B /* Onboarding & Auth */,
				75C8C89C2BEDF744008D162B /* Supabase Client.swift */,
				75C8C85F2BEDF59D008D162B /* demonstrateApp.swift */,
				75C8C8612BEDF59D008D162B /* ContentView.swift */,
				75C8C8632BEDF59E008D162B /* Assets.xcassets */,
				75C8C8652BEDF59E008D162B /* Preview Content */,
				7553B29A2BF1EB3C002FCC5C /* LaunchScreen.storyboard */,
			);
			path = Demonstrate;
			sourceTree = "<group>";
		};
		75C8C8652BEDF59E008D162B /* Preview Content */ = {
			isa = PBXGroup;
			children = (
				75C8C8662BEDF59E008D162B /* Preview Assets.xcassets */,
			);
			path = "Preview Content";
			sourceTree = "<group>";
		};
		75C8C86F2BEDF59F008D162B /* DemonstrateTests */ = {
			isa = PBXGroup;
			children = (
				75C8C8702BEDF59F008D162B /* demonstrateTests.swift */,
			);
			path = DemonstrateTests;
			sourceTree = "<group>";
		};
		75C8C8792BEDF59F008D162B /* DemonstrateUITests */ = {
			isa = PBXGroup;
			children = (
				75C8C87A2BEDF59F008D162B /* demonstrateUITests.swift */,
				75C8C87C2BEDF59F008D162B /* demonstrateUITestsLaunchTests.swift */,
			);
			path = DemonstrateUITests;
			sourceTree = "<group>";
		};
		75C8C8992BEDF6D9008D162B /* Onboarding & Auth */ = {
			isa = PBXGroup;
			children = (
				75C8C8A32BEE07AC008D162B /* Onboarding UI */,
				75C8C89A2BEDF6F5008D162B /* Authentication Model.swift */,
			);
			path = "Onboarding & Auth";
			sourceTree = "<group>";
		};
		75C8C8A32BEE07AC008D162B /* Onboarding UI */ = {
			isa = PBXGroup;
			children = (
				75C8C8B22BEE0B4D008D162B /* OnboardingScreen.swift */,
				75C8C8B62BEE7C33008D162B /* SignUpView.swift */,
				75C8C8B82BEE7C3B008D162B /* SignInView.swift */,
				75C8C8BD2BEEA5D1008D162B /* SignUpFlow */,
			);
			path = "Onboarding UI";
			sourceTree = "<group>";
		};
		75C8C8A62BEE0809008D162B /* UI Components */ = {
			isa = PBXGroup;
			children = (
				755800B62BF287D800D4B6FB /* CustomTabBar */,
				75C8C8BA2BEE9C43008D162B /* Loading Indicators */,
				75C8C8AB2BEE0916008D162B /* UnboundedFont.ttf */,
				75C8C8A72BEE081B008D162B /* Buttons.swift */,
				75C8C8A92BEE08C4008D162B /* Text.swift */,
				75C8C8B42BEE68D2008D162B /* UI Modifiers.swift */,
				757B09032BF51C8B005AC408 /* PopGestureDisabler.swift */,
				755C00342BF71CD100892F40 /* TextFieldStyles.swift */,
			);
			path = "UI Components";
			sourceTree = "<group>";
		};
		75C8C8AF2BEE0A29008D162B /* Frameworks */ = {
			isa = PBXGroup;
			children = (
				75C8C8B02BEE0A29008D162B /* StoreKit.framework */,
			);
			name = Frameworks;
			sourceTree = "<group>";
		};
		75C8C8BA2BEE9C43008D162B /* Loading Indicators */ = {
			isa = PBXGroup;
			children = (
				75C8C8BB2BEE9C54008D162B /* FullscreenLoading.swift */,
				755F6B122BF13B0500DEC05A /* ShimmerEffect.swift */,
				7553B2942BF1CF07002FCC5C /* PostCardLoading.swift */,
				7553B2962BF1D399002FCC5C /* FeaturedPostCardLoading.swift */,
				7553B2982BF1D474002FCC5C /* ProfileLoading.swift */,
			);
			path = "Loading Indicators";
			sourceTree = "<group>";
		};
		75C8C8BD2BEEA5D1008D162B /* SignUpFlow */ = {
			isa = PBXGroup;
			children = (
				75C8C8C52BEFB9D9008D162B /* OAuthUsername.swift */,
				75C8C8BE2BEEA7B2008D162B /* CreateProfileView.swift */,
				75C8C8D12BF05AD6008D162B /* WelcomeView.swift */,
			);
			path = SignUpFlow;
			sourceTree = "<group>";
		};
		75C8C8C22BEF323C008D162B /* ProfileComponents */ = {
			isa = PBXGroup;
			children = (
				75C8C8C02BEEACB9008D162B /* ProfileManagement.swift */,
				75C8C8C32BEF3254008D162B /* ProfileStruct.swift */,
				75C8C8C82BF04F03008D162B /* ProfileDetailView.swift */,
				75E198B42BF49740008E8BFB /* EditProfileView.swift */,
			);
			path = ProfileComponents;
			sourceTree = "<group>";
		};
		75C8C8C72BEFCEDE008D162B /* Settings & Data */ = {
			isa = PBXGroup;
			children = (
				75E198B32BF406FF008E8BFB /* AccountSettings */,
				755F6B1D2BF16FF500DEC05A /* AppSettingsManager.swift */,
				7553B28C2BF18293002FCC5C /* SettingsView.swift */,
			);
			path = "Settings & Data";
			sourceTree = "<group>";
		};
		75C8C8CA2BF05080008D162B /* PostComponents */ = {
			isa = PBXGroup;
			children = (
				755F6B142BF1559A00DEC05A /* PostStruct */,
				75C8C8CB2BF05091008D162B /* PostCard.swift */,
				75C8C8CF2BF054B0008D162B /* FeaturedPostCard.swift */,
				755893802BF5278900DCF3A9 /* PostDetailView.swift */,
				75E757552BF6787600B82FAE /* EditPostView.swift */,
				75EC38942BF6A9A00043E33A /* ConfirmSignView.swift */,
			);
			path = PostComponents;
			sourceTree = "<group>";
		};
		75C8C8CD2BF05487008D162B /* MainContentPages */ = {
			isa = PBXGroup;
			children = (
				75C8C8CE2BF05496008D162B /* NewPostFlow */,
				755800AF2BF2714700D4B6FB /* SearchView.swift */,
				75DD6C6C2BF3C62B008BD70D /* TopicView.swift */,
				7558937E2BF5208600DCF3A9 /* HomeView.swift */,
				7573A9AC2BFD1DC2007A8563 /* MyProfileView.swift */,
			);
			path = MainContentPages;
			sourceTree = "<group>";
		};
		75C8C8CE2BF05496008D162B /* NewPostFlow */ = {
			isa = PBXGroup;
			children = (
				755F6B1B2BF15CEC00DEC05A /* PostTypeView.swift */,
				755800B42BF27BDD00D4B6FB /* ChooseTopicView.swift */,
				755F6B192BF15AA300DEC05A /* PostSuccessfulView.swift */,
				75DD6C6E2BF3CBAA008BD70D /* ImpressionView.swift */,
			);
			path = NewPostFlow;
			sourceTree = "<group>";
		};
		75E198B32BF406FF008E8BFB /* AccountSettings */ = {
			isa = PBXGroup;
			children = (
				7553B28E2BF18546002FCC5C /* AccountSettingsView.swift */,
				7553B2922BF1CA6D002FCC5C /* NewUsernameView.swift */,
				7553B2902BF18D56002FCC5C /* AccDelConfirm.swift */,
			);
			path = AccountSettings;
			sourceTree = "<group>";
		};
/* End PBXGroup section */

/* Begin PBXNativeTarget section */
		75C8C85B2BEDF59D008D162B /* Demonstrate */ = {
			isa = PBXNativeTarget;
			buildConfigurationList = 75C8C8802BEDF59F008D162B /* Build configuration list for PBXNativeTarget "Demonstrate" */;
			buildPhases = (
				75C8C8582BEDF59D008D162B /* Sources */,
				75C8C8592BEDF59D008D162B /* Frameworks */,
				75C8C85A2BEDF59D008D162B /* Resources */,
			);
			buildRules = (
			);
			dependencies = (
			);
			name = Demonstrate;
			packageProductDependencies = (
				75C8C88A2BEDF5C5008D162B /* Nuke */,
				75C8C88C2BEDF5C5008D162B /* NukeExtensions */,
				75C8C88E2BEDF5C5008D162B /* NukeUI */,
				75C8C8912BEDF5F7008D162B /* Supabase */,
				75C8C8942BEDF610008D162B /* Alamofire */,
				75C8C8972BEDF62B008D162B /* Inject */,
				75C8C89F2BEE0054008D162B /* GoogleSignIn */,
				75C8C8A12BEE0054008D162B /* GoogleSignInSwift */,
			);
			productName = demonstrate;
			productReference = 75C8C85C2BEDF59D008D162B /* Demonstrate.app */;
			productType = "com.apple.product-type.application";
		};
		75C8C86B2BEDF59F008D162B /* DemonstrateTests */ = {
			isa = PBXNativeTarget;
			buildConfigurationList = 75C8C8832BEDF59F008D162B /* Build configuration list for PBXNativeTarget "DemonstrateTests" */;
			buildPhases = (
				75C8C8682BEDF59F008D162B /* Sources */,
				75C8C8692BEDF59F008D162B /* Frameworks */,
				75C8C86A2BEDF59F008D162B /* Resources */,
			);
			buildRules = (
			);
			dependencies = (
				75C8C86E2BEDF59F008D162B /* PBXTargetDependency */,
			);
			name = DemonstrateTests;
			productName = demonstrateTests;
			productReference = 75C8C86C2BEDF59F008D162B /* DemonstrateTests.xctest */;
			productType = "com.apple.product-type.bundle.unit-test";
		};
		75C8C8752BEDF59F008D162B /* DemonstrateUITests */ = {
			isa = PBXNativeTarget;
			buildConfigurationList = 75C8C8862BEDF59F008D162B /* Build configuration list for PBXNativeTarget "DemonstrateUITests" */;
			buildPhases = (
				75C8C8722BEDF59F008D162B /* Sources */,
				75C8C8732BEDF59F008D162B /* Frameworks */,
				75C8C8742BEDF59F008D162B /* Resources */,
			);
			buildRules = (
			);
			dependencies = (
				75C8C8782BEDF59F008D162B /* PBXTargetDependency */,
			);
			name = DemonstrateUITests;
			productName = demonstrateUITests;
			productReference = 75C8C8762BEDF59F008D162B /* DemonstrateUITests.xctest */;
			productType = "com.apple.product-type.bundle.ui-testing";
		};
/* End PBXNativeTarget section */

/* Begin PBXProject section */
		75C8C8542BEDF59D008D162B /* Project object */ = {
			isa = PBXProject;
			attributes = {
				BuildIndependentTargetsInParallel = 1;
				LastSwiftUpdateCheck = 1530;
				LastUpgradeCheck = 1530;
				TargetAttributes = {
					75C8C85B2BEDF59D008D162B = {
						CreatedOnToolsVersion = 15.3;
					};
					75C8C86B2BEDF59F008D162B = {
						CreatedOnToolsVersion = 15.3;
						TestTargetID = 75C8C85B2BEDF59D008D162B;
					};
					75C8C8752BEDF59F008D162B = {
						CreatedOnToolsVersion = 15.3;
						TestTargetID = 75C8C85B2BEDF59D008D162B;
					};
				};
			};
			buildConfigurationList = 75C8C8572BEDF59D008D162B /* Build configuration list for PBXProject "Demonstrate" */;
			compatibilityVersion = "Xcode 14.0";
			developmentRegion = en;
			hasScannedForEncodings = 0;
			knownRegions = (
				en,
				Base,
			);
			mainGroup = 75C8C8532BEDF59D008D162B;
			packageReferences = (
				75C8C8892BEDF5C5008D162B /* XCRemoteSwiftPackageReference "Nuke" */,
				75C8C8902BEDF5F7008D162B /* XCRemoteSwiftPackageReference "supabase-swift" */,
				75C8C8932BEDF610008D162B /* XCRemoteSwiftPackageReference "Alamofire" */,
				75C8C8962BEDF62B008D162B /* XCRemoteSwiftPackageReference "Inject" */,
				75C8C89E2BEE0054008D162B /* XCRemoteSwiftPackageReference "GoogleSignIn-iOS" */,
			);
			productRefGroup = 75C8C85D2BEDF59D008D162B /* Products */;
			projectDirPath = "";
			projectRoot = "";
			targets = (
				75C8C85B2BEDF59D008D162B /* Demonstrate */,
				75C8C86B2BEDF59F008D162B /* DemonstrateTests */,
				75C8C8752BEDF59F008D162B /* DemonstrateUITests */,
			);
		};
/* End PBXProject section */

/* Begin PBXResourcesBuildPhase section */
		75C8C85A2BEDF59D008D162B /* Resources */ = {
			isa = PBXResourcesBuildPhase;
			buildActionMask = 2147483647;
			files = (
				75C8C8AC2BEE0916008D162B /* UnboundedFont.ttf in Resources */,
				7553B29B2BF1EB3C002FCC5C /* LaunchScreen.storyboard in Resources */,
				75C8C8672BEDF59E008D162B /* Preview Assets.xcassets in Resources */,
				75C8C8642BEDF59E008D162B /* Assets.xcassets in Resources */,
			);
			runOnlyForDeploymentPostprocessing = 0;
		};
		75C8C86A2BEDF59F008D162B /* Resources */ = {
			isa = PBXResourcesBuildPhase;
			buildActionMask = 2147483647;
			files = (
			);
			runOnlyForDeploymentPostprocessing = 0;
		};
		75C8C8742BEDF59F008D162B /* Resources */ = {
			isa = PBXResourcesBuildPhase;
			buildActionMask = 2147483647;
			files = (
			);
			runOnlyForDeploymentPostprocessing = 0;
		};
/* End PBXResourcesBuildPhase section */

/* Begin PBXSourcesBuildPhase section */
		75C8C8582BEDF59D008D162B /* Sources */ = {
			isa = PBXSourcesBuildPhase;
			buildActionMask = 2147483647;
			files = (
				755F6B1E2BF16FF500DEC05A /* AppSettingsManager.swift in Sources */,
				75C8C89B2BEDF6F5008D162B /* Authentication Model.swift in Sources */,
				75C8C8C92BF04F03008D162B /* ProfileDetailView.swift in Sources */,
				75C8C8622BEDF59D008D162B /* ContentView.swift in Sources */,
				7553B2912BF18D56002FCC5C /* AccDelConfirm.swift in Sources */,
				7553B28F2BF18546002FCC5C /* AccountSettingsView.swift in Sources */,
				755F6B1A2BF15AA300DEC05A /* PostSuccessfulView.swift in Sources */,
				75C8C8C62BEFB9D9008D162B /* OAuthUsername.swift in Sources */,
				75E757562BF6787600B82FAE /* EditPostView.swift in Sources */,
				755F6B132BF13B0500DEC05A /* ShimmerEffect.swift in Sources */,
				75C8C8CC2BF05091008D162B /* PostCard.swift in Sources */,
				755800B82BF2881E00D4B6FB /* TabBarView.swift in Sources */,
				755800B02BF2714700D4B6FB /* SearchView.swift in Sources */,
				755C00352BF71CD100892F40 /* TextFieldStyles.swift in Sources */,
				7558937F2BF5208600DCF3A9 /* HomeView.swift in Sources */,
				75C8C8C12BEEACB9008D162B /* ProfileManagement.swift in Sources */,
				7573A9AD2BFD1DC2007A8563 /* MyProfileView.swift in Sources */,
				75C8C8602BEDF59D008D162B /* demonstrateApp.swift in Sources */,
				755800B32BF273B500D4B6FB /* Topic Enum.swift in Sources */,
				75C8C8BC2BEE9C54008D162B /* FullscreenLoading.swift in Sources */,
				755F6B162BF155A900DEC05A /* Post Protocol.swift in Sources */,
				7553B2932BF1CA6D002FCC5C /* NewUsernameView.swift in Sources */,
				75C8C8B32BEE0B4D008D162B /* OnboardingScreen.swift in Sources */,
				755800B52BF27BDD00D4B6FB /* ChooseTopicView.swift in Sources */,
				75C8C8D02BF054B0008D162B /* FeaturedPostCard.swift in Sources */,
				75DD6C6F2BF3CBAA008BD70D /* ImpressionView.swift in Sources */,
				75C8C8B92BEE7C3B008D162B /* SignInView.swift in Sources */,
				75C8C8BF2BEEA7B2008D162B /* CreateProfileView.swift in Sources */,
				75E198B52BF49740008E8BFB /* EditProfileView.swift in Sources */,
				75C8C8AA2BEE08C4008D162B /* Text.swift in Sources */,
				755F6B1C2BF15CEC00DEC05A /* PostTypeView.swift in Sources */,
				75DD6C6D2BF3C62B008BD70D /* TopicView.swift in Sources */,
				75E757542BF6726300B82FAE /* PetitionStruct.swift in Sources */,
				75C8C8B52BEE68D2008D162B /* UI Modifiers.swift in Sources */,
				755F6B182BF156F200DEC05A /* PostManagement.swift in Sources */,
				75C8C8A82BEE081B008D162B /* Buttons.swift in Sources */,
				757B09042BF51C8B005AC408 /* PopGestureDisabler.swift in Sources */,
				7553B2952BF1CF07002FCC5C /* PostCardLoading.swift in Sources */,
				75EC38952BF6A9A00043E33A /* ConfirmSignView.swift in Sources */,
				75C8C8B72BEE7C33008D162B /* SignUpView.swift in Sources */,
				75C8C8C42BEF3254008D162B /* ProfileStruct.swift in Sources */,
				75C8C89D2BEDF744008D162B /* Supabase Client.swift in Sources */,
				75E757582BF6A08D00B82FAE /* EventStruct.swift in Sources */,
				7553B2972BF1D399002FCC5C /* FeaturedPostCardLoading.swift in Sources */,
				75C8C8D22BF05AD6008D162B /* WelcomeView.swift in Sources */,
				755893812BF5278900DCF3A9 /* PostDetailView.swift in Sources */,
				7553B2992BF1D474002FCC5C /* ProfileLoading.swift in Sources */,
				7553B28D2BF18293002FCC5C /* SettingsView.swift in Sources */,
			);
			runOnlyForDeploymentPostprocessing = 0;
		};
		75C8C8682BEDF59F008D162B /* Sources */ = {
			isa = PBXSourcesBuildPhase;
			buildActionMask = 2147483647;
			files = (
				75C8C8712BEDF59F008D162B /* demonstrateTests.swift in Sources */,
			);
			runOnlyForDeploymentPostprocessing = 0;
		};
		75C8C8722BEDF59F008D162B /* Sources */ = {
			isa = PBXSourcesBuildPhase;
			buildActionMask = 2147483647;
			files = (
				75C8C87B2BEDF59F008D162B /* demonstrateUITests.swift in Sources */,
				75C8C87D2BEDF59F008D162B /* demonstrateUITestsLaunchTests.swift in Sources */,
			);
			runOnlyForDeploymentPostprocessing = 0;
		};
/* End PBXSourcesBuildPhase section */

/* Begin PBXTargetDependency section */
		75C8C86E2BEDF59F008D162B /* PBXTargetDependency */ = {
			isa = PBXTargetDependency;
			target = 75C8C85B2BEDF59D008D162B /* Demonstrate */;
			targetProxy = 75C8C86D2BEDF59F008D162B /* PBXContainerItemProxy */;
		};
		75C8C8782BEDF59F008D162B /* PBXTargetDependency */ = {
			isa = PBXTargetDependency;
			target = 75C8C85B2BEDF59D008D162B /* Demonstrate */;
			targetProxy = 75C8C8772BEDF59F008D162B /* PBXContainerItemProxy */;
		};
/* End PBXTargetDependency section */

/* Begin XCBuildConfiguration section */
		75C8C87E2BEDF59F008D162B /* Debug */ = {
			isa = XCBuildConfiguration;
			buildSettings = {
				ALWAYS_SEARCH_USER_PATHS = NO;
				ASSETCATALOG_COMPILER_GENERATE_SWIFT_ASSET_SYMBOL_EXTENSIONS = YES;
				CLANG_ANALYZER_NONNULL = YES;
				CLANG_ANALYZER_NUMBER_OBJECT_CONVERSION = YES_AGGRESSIVE;
				CLANG_CXX_LANGUAGE_STANDARD = "gnu++20";
				CLANG_ENABLE_MODULES = YES;
				CLANG_ENABLE_OBJC_ARC = YES;
				CLANG_ENABLE_OBJC_WEAK = YES;
				CLANG_WARN_BLOCK_CAPTURE_AUTORELEASING = YES;
				CLANG_WARN_BOOL_CONVERSION = YES;
				CLANG_WARN_COMMA = YES;
				CLANG_WARN_CONSTANT_CONVERSION = YES;
				CLANG_WARN_DEPRECATED_OBJC_IMPLEMENTATIONS = YES;
				CLANG_WARN_DIRECT_OBJC_ISA_USAGE = YES_ERROR;
				CLANG_WARN_DOCUMENTATION_COMMENTS = YES;
				CLANG_WARN_EMPTY_BODY = YES;
				CLANG_WARN_ENUM_CONVERSION = YES;
				CLANG_WARN_INFINITE_RECURSION = YES;
				CLANG_WARN_INT_CONVERSION = YES;
				CLANG_WARN_NON_LITERAL_NULL_CONVERSION = YES;
				CLANG_WARN_OBJC_IMPLICIT_RETAIN_SELF = YES;
				CLANG_WARN_OBJC_LITERAL_CONVERSION = YES;
				CLANG_WARN_OBJC_ROOT_CLASS = YES_ERROR;
				CLANG_WARN_QUOTED_INCLUDE_IN_FRAMEWORK_HEADER = YES;
				CLANG_WARN_RANGE_LOOP_ANALYSIS = YES;
				CLANG_WARN_STRICT_PROTOTYPES = YES;
				CLANG_WARN_SUSPICIOUS_MOVE = YES;
				CLANG_WARN_UNGUARDED_AVAILABILITY = YES_AGGRESSIVE;
				CLANG_WARN_UNREACHABLE_CODE = YES;
				CLANG_WARN__DUPLICATE_METHOD_MATCH = YES;
				COPY_PHASE_STRIP = NO;
				DEBUG_INFORMATION_FORMAT = dwarf;
				ENABLE_STRICT_OBJC_MSGSEND = YES;
				ENABLE_TESTABILITY = YES;
				ENABLE_USER_SCRIPT_SANDBOXING = YES;
				GCC_C_LANGUAGE_STANDARD = gnu17;
				GCC_DYNAMIC_NO_PIC = NO;
				GCC_NO_COMMON_BLOCKS = YES;
				GCC_OPTIMIZATION_LEVEL = 0;
				GCC_PREPROCESSOR_DEFINITIONS = (
					"DEBUG=1",
					"$(inherited)",
				);
				GCC_WARN_64_TO_32_BIT_CONVERSION = YES;
				GCC_WARN_ABOUT_RETURN_TYPE = YES_ERROR;
				GCC_WARN_UNDECLARED_SELECTOR = YES;
				GCC_WARN_UNINITIALIZED_AUTOS = YES_AGGRESSIVE;
				GCC_WARN_UNUSED_FUNCTION = YES;
				GCC_WARN_UNUSED_VARIABLE = YES;
				IPHONEOS_DEPLOYMENT_TARGET = 17.0;
				LOCALIZATION_PREFERS_STRING_CATALOGS = YES;
				MTL_ENABLE_DEBUG_INFO = INCLUDE_SOURCE;
				MTL_FAST_MATH = YES;
				ONLY_ACTIVE_ARCH = YES;
				SDKROOT = iphoneos;
				SWIFT_ACTIVE_COMPILATION_CONDITIONS = "DEBUG $(inherited)";
				SWIFT_OPTIMIZATION_LEVEL = "-Onone";
			};
			name = Debug;
		};
		75C8C87F2BEDF59F008D162B /* Release */ = {
			isa = XCBuildConfiguration;
			buildSettings = {
				ALWAYS_SEARCH_USER_PATHS = NO;
				ASSETCATALOG_COMPILER_GENERATE_SWIFT_ASSET_SYMBOL_EXTENSIONS = YES;
				CLANG_ANALYZER_NONNULL = YES;
				CLANG_ANALYZER_NUMBER_OBJECT_CONVERSION = YES_AGGRESSIVE;
				CLANG_CXX_LANGUAGE_STANDARD = "gnu++20";
				CLANG_ENABLE_MODULES = YES;
				CLANG_ENABLE_OBJC_ARC = YES;
				CLANG_ENABLE_OBJC_WEAK = YES;
				CLANG_WARN_BLOCK_CAPTURE_AUTORELEASING = YES;
				CLANG_WARN_BOOL_CONVERSION = YES;
				CLANG_WARN_COMMA = YES;
				CLANG_WARN_CONSTANT_CONVERSION = YES;
				CLANG_WARN_DEPRECATED_OBJC_IMPLEMENTATIONS = YES;
				CLANG_WARN_DIRECT_OBJC_ISA_USAGE = YES_ERROR;
				CLANG_WARN_DOCUMENTATION_COMMENTS = YES;
				CLANG_WARN_EMPTY_BODY = YES;
				CLANG_WARN_ENUM_CONVERSION = YES;
				CLANG_WARN_INFINITE_RECURSION = YES;
				CLANG_WARN_INT_CONVERSION = YES;
				CLANG_WARN_NON_LITERAL_NULL_CONVERSION = YES;
				CLANG_WARN_OBJC_IMPLICIT_RETAIN_SELF = YES;
				CLANG_WARN_OBJC_LITERAL_CONVERSION = YES;
				CLANG_WARN_OBJC_ROOT_CLASS = YES_ERROR;
				CLANG_WARN_QUOTED_INCLUDE_IN_FRAMEWORK_HEADER = YES;
				CLANG_WARN_RANGE_LOOP_ANALYSIS = YES;
				CLANG_WARN_STRICT_PROTOTYPES = YES;
				CLANG_WARN_SUSPICIOUS_MOVE = YES;
				CLANG_WARN_UNGUARDED_AVAILABILITY = YES_AGGRESSIVE;
				CLANG_WARN_UNREACHABLE_CODE = YES;
				CLANG_WARN__DUPLICATE_METHOD_MATCH = YES;
				COPY_PHASE_STRIP = NO;
				DEBUG_INFORMATION_FORMAT = "dwarf-with-dsym";
				ENABLE_NS_ASSERTIONS = NO;
				ENABLE_STRICT_OBJC_MSGSEND = YES;
				ENABLE_USER_SCRIPT_SANDBOXING = YES;
				GCC_C_LANGUAGE_STANDARD = gnu17;
				GCC_NO_COMMON_BLOCKS = YES;
				GCC_WARN_64_TO_32_BIT_CONVERSION = YES;
				GCC_WARN_ABOUT_RETURN_TYPE = YES_ERROR;
				GCC_WARN_UNDECLARED_SELECTOR = YES;
				GCC_WARN_UNINITIALIZED_AUTOS = YES_AGGRESSIVE;
				GCC_WARN_UNUSED_FUNCTION = YES;
				GCC_WARN_UNUSED_VARIABLE = YES;
				IPHONEOS_DEPLOYMENT_TARGET = 17.0;
				LOCALIZATION_PREFERS_STRING_CATALOGS = YES;
				MTL_ENABLE_DEBUG_INFO = NO;
				MTL_FAST_MATH = YES;
				SDKROOT = iphoneos;
				SWIFT_COMPILATION_MODE = wholemodule;
				VALIDATE_PRODUCT = YES;
			};
			name = Release;
		};
		75C8C8812BEDF59F008D162B /* Debug */ = {
			isa = XCBuildConfiguration;
			buildSettings = {
				ASSETCATALOG_COMPILER_APPICON_NAME = AppIcon;
				ASSETCATALOG_COMPILER_GLOBAL_ACCENT_COLOR_NAME = AccentColor;
				CODE_SIGN_ENTITLEMENTS = Demonstrate/Demonstrate.entitlements;
				CODE_SIGN_STYLE = Automatic;
				CURRENT_PROJECT_VERSION = 1;
				DEVELOPMENT_ASSET_PATHS = "Demonstrate/Preview\\ Content";
				DEVELOPMENT_TEAM = CY6ALA5KQP;
				ENABLE_PREVIEWS = YES;
				GENERATE_INFOPLIST_FILE = YES;
				INFOPLIST_FILE = Demonstrate/Info.plist;
				INFOPLIST_KEY_CFBundleDisplayName = Demonstrate;
				INFOPLIST_KEY_UIApplicationSceneManifest_Generation = YES;
				INFOPLIST_KEY_UIApplicationSupportsIndirectInputEvents = YES;
				INFOPLIST_KEY_UILaunchScreen_Generation = YES;
				INFOPLIST_KEY_UILaunchStoryboardName = LaunchScreen.storyboard;
				INFOPLIST_KEY_UIStatusBarHidden = YES;
				INFOPLIST_KEY_UISupportedInterfaceOrientations = UIInterfaceOrientationPortrait;
				INFOPLIST_KEY_UISupportedInterfaceOrientations_iPad = "UIInterfaceOrientationLandscapeLeft UIInterfaceOrientationLandscapeRight UIInterfaceOrientationPortrait UIInterfaceOrientationPortraitUpsideDown";
				IPHONEOS_DEPLOYMENT_TARGET = 17.0;
				LD_RUNPATH_SEARCH_PATHS = (
					"$(inherited)",
					"@executable_path/Frameworks",
				);
				MARKETING_VERSION = 0.0.8;
				OTHER_LDFLAGS = (
					"-Xlinker",
					"-interposable",
				);
				PRODUCT_BUNDLE_IDENTIFIER = org.demonstrateapp.demonstrate;
				PRODUCT_NAME = "$(TARGET_NAME)";
				SUPPORTED_PLATFORMS = "iphoneos iphonesimulator";
				SUPPORTS_MACCATALYST = NO;
				SWIFT_EMIT_LOC_STRINGS = YES;
				SWIFT_VERSION = 5.0;
				TARGETED_DEVICE_FAMILY = 1;
			};
			name = Debug;
		};
		75C8C8822BEDF59F008D162B /* Release */ = {
			isa = XCBuildConfiguration;
			buildSettings = {
				ASSETCATALOG_COMPILER_APPICON_NAME = AppIcon;
				ASSETCATALOG_COMPILER_GLOBAL_ACCENT_COLOR_NAME = AccentColor;
				CODE_SIGN_ENTITLEMENTS = Demonstrate/Demonstrate.entitlements;
				CODE_SIGN_STYLE = Automatic;
				CURRENT_PROJECT_VERSION = 1;
				DEVELOPMENT_ASSET_PATHS = "Demonstrate/Preview\\ Content";
				DEVELOPMENT_TEAM = CY6ALA5KQP;
				ENABLE_PREVIEWS = YES;
				GENERATE_INFOPLIST_FILE = YES;
				INFOPLIST_FILE = Demonstrate/Info.plist;
				INFOPLIST_KEY_CFBundleDisplayName = Demonstrate;
				INFOPLIST_KEY_UIApplicationSceneManifest_Generation = YES;
				INFOPLIST_KEY_UIApplicationSupportsIndirectInputEvents = YES;
				INFOPLIST_KEY_UILaunchScreen_Generation = YES;
				INFOPLIST_KEY_UILaunchStoryboardName = LaunchScreen.storyboard;
				INFOPLIST_KEY_UIStatusBarHidden = YES;
				INFOPLIST_KEY_UISupportedInterfaceOrientations = UIInterfaceOrientationPortrait;
				INFOPLIST_KEY_UISupportedInterfaceOrientations_iPad = "UIInterfaceOrientationLandscapeLeft UIInterfaceOrientationLandscapeRight UIInterfaceOrientationPortrait UIInterfaceOrientationPortraitUpsideDown";
				IPHONEOS_DEPLOYMENT_TARGET = 17.0;
				LD_RUNPATH_SEARCH_PATHS = (
					"$(inherited)",
					"@executable_path/Frameworks",
				);
				MARKETING_VERSION = 0.0.8;
				PRODUCT_BUNDLE_IDENTIFIER = org.demonstrateapp.demonstrate;
				PRODUCT_NAME = "$(TARGET_NAME)";
				SUPPORTED_PLATFORMS = "iphoneos iphonesimulator";
				SUPPORTS_MACCATALYST = NO;
				SWIFT_EMIT_LOC_STRINGS = YES;
				SWIFT_VERSION = 5.0;
				TARGETED_DEVICE_FAMILY = 1;
			};
			name = Release;
		};
		75C8C8842BEDF59F008D162B /* Debug */ = {
			isa = XCBuildConfiguration;
			buildSettings = {
				ALWAYS_EMBED_SWIFT_STANDARD_LIBRARIES = YES;
				BUNDLE_LOADER = "$(TEST_HOST)";
				CODE_SIGN_STYLE = Automatic;
				CURRENT_PROJECT_VERSION = 1;
				DEVELOPMENT_TEAM = CY6ALA5KQP;
				GENERATE_INFOPLIST_FILE = YES;
				IPHONEOS_DEPLOYMENT_TARGET = 17.4;
				MARKETING_VERSION = 1.0;
				PRODUCT_BUNDLE_IDENTIFIER = org.demonstrateapp.demonstrateTests;
				PRODUCT_NAME = "$(TARGET_NAME)";
				SWIFT_EMIT_LOC_STRINGS = NO;
				SWIFT_VERSION = 5.0;
				TARGETED_DEVICE_FAMILY = "1,2";
				TEST_HOST = "$(BUILT_PRODUCTS_DIR)/Demonstrate.app/$(BUNDLE_EXECUTABLE_FOLDER_PATH)/Demonstrate";
			};
			name = Debug;
		};
		75C8C8852BEDF59F008D162B /* Release */ = {
			isa = XCBuildConfiguration;
			buildSettings = {
				ALWAYS_EMBED_SWIFT_STANDARD_LIBRARIES = YES;
				BUNDLE_LOADER = "$(TEST_HOST)";
				CODE_SIGN_STYLE = Automatic;
				CURRENT_PROJECT_VERSION = 1;
				DEVELOPMENT_TEAM = CY6ALA5KQP;
				GENERATE_INFOPLIST_FILE = YES;
				IPHONEOS_DEPLOYMENT_TARGET = 17.4;
				MARKETING_VERSION = 1.0;
				PRODUCT_BUNDLE_IDENTIFIER = org.demonstrateapp.demonstrateTests;
				PRODUCT_NAME = "$(TARGET_NAME)";
				SWIFT_EMIT_LOC_STRINGS = NO;
				SWIFT_VERSION = 5.0;
				TARGETED_DEVICE_FAMILY = "1,2";
				TEST_HOST = "$(BUILT_PRODUCTS_DIR)/Demonstrate.app/$(BUNDLE_EXECUTABLE_FOLDER_PATH)/Demonstrate";
			};
			name = Release;
		};
		75C8C8872BEDF59F008D162B /* Debug */ = {
			isa = XCBuildConfiguration;
			buildSettings = {
				ALWAYS_EMBED_SWIFT_STANDARD_LIBRARIES = YES;
				CODE_SIGN_STYLE = Automatic;
				CURRENT_PROJECT_VERSION = 1;
				DEVELOPMENT_TEAM = CY6ALA5KQP;
				GENERATE_INFOPLIST_FILE = YES;
				MARKETING_VERSION = 1.0;
				PRODUCT_BUNDLE_IDENTIFIER = org.demonstrateapp.demonstrateUITests;
				PRODUCT_NAME = "$(TARGET_NAME)";
				SWIFT_EMIT_LOC_STRINGS = NO;
				SWIFT_VERSION = 5.0;
				TARGETED_DEVICE_FAMILY = "1,2";
				TEST_TARGET_NAME = demonstrate;
			};
			name = Debug;
		};
		75C8C8882BEDF59F008D162B /* Release */ = {
			isa = XCBuildConfiguration;
			buildSettings = {
				ALWAYS_EMBED_SWIFT_STANDARD_LIBRARIES = YES;
				CODE_SIGN_STYLE = Automatic;
				CURRENT_PROJECT_VERSION = 1;
				DEVELOPMENT_TEAM = CY6ALA5KQP;
				GENERATE_INFOPLIST_FILE = YES;
				MARKETING_VERSION = 1.0;
				PRODUCT_BUNDLE_IDENTIFIER = org.demonstrateapp.demonstrateUITests;
				PRODUCT_NAME = "$(TARGET_NAME)";
				SWIFT_EMIT_LOC_STRINGS = NO;
				SWIFT_VERSION = 5.0;
				TARGETED_DEVICE_FAMILY = "1,2";
				TEST_TARGET_NAME = demonstrate;
			};
			name = Release;
		};
/* End XCBuildConfiguration section */

/* Begin XCConfigurationList section */
		75C8C8572BEDF59D008D162B /* Build configuration list for PBXProject "Demonstrate" */ = {
			isa = XCConfigurationList;
			buildConfigurations = (
				75C8C87E2BEDF59F008D162B /* Debug */,
				75C8C87F2BEDF59F008D162B /* Release */,
			);
			defaultConfigurationIsVisible = 0;
			defaultConfigurationName = Debug;
		};
		75C8C8802BEDF59F008D162B /* Build configuration list for PBXNativeTarget "Demonstrate" */ = {
			isa = XCConfigurationList;
			buildConfigurations = (
				75C8C8812BEDF59F008D162B /* Debug */,
				75C8C8822BEDF59F008D162B /* Release */,
			);
			defaultConfigurationIsVisible = 0;
			defaultConfigurationName = Debug;
		};
		75C8C8832BEDF59F008D162B /* Build configuration list for PBXNativeTarget "DemonstrateTests" */ = {
			isa = XCConfigurationList;
			buildConfigurations = (
				75C8C8842BEDF59F008D162B /* Debug */,
				75C8C8852BEDF59F008D162B /* Release */,
			);
			defaultConfigurationIsVisible = 0;
			defaultConfigurationName = Debug;
		};
		75C8C8862BEDF59F008D162B /* Build configuration list for PBXNativeTarget "DemonstrateUITests" */ = {
			isa = XCConfigurationList;
			buildConfigurations = (
				75C8C8872BEDF59F008D162B /* Debug */,
				75C8C8882BEDF59F008D162B /* Release */,
			);
			defaultConfigurationIsVisible = 0;
			defaultConfigurationName = Debug;
		};
/* End XCConfigurationList section */

/* Begin XCRemoteSwiftPackageReference section */
		75C8C8892BEDF5C5008D162B /* XCRemoteSwiftPackageReference "Nuke" */ = {
			isa = XCRemoteSwiftPackageReference;
			repositoryURL = "https://github.com/kean/Nuke";
			requirement = {
				kind = upToNextMajorVersion;
				minimumVersion = 12.6.0;
			};
		};
		75C8C8902BEDF5F7008D162B /* XCRemoteSwiftPackageReference "supabase-swift" */ = {
			isa = XCRemoteSwiftPackageReference;
			repositoryURL = "https://github.com/supabase-community/supabase-swift.git";
			requirement = {
				kind = upToNextMajorVersion;
				minimumVersion = 2.5.1;
			};
		};
		75C8C8932BEDF610008D162B /* XCRemoteSwiftPackageReference "Alamofire" */ = {
			isa = XCRemoteSwiftPackageReference;
			repositoryURL = "https://github.com/Alamofire/Alamofire";
			requirement = {
				kind = upToNextMajorVersion;
				minimumVersion = 5.9.1;
			};
		};
		75C8C8962BEDF62B008D162B /* XCRemoteSwiftPackageReference "Inject" */ = {
			isa = XCRemoteSwiftPackageReference;
			repositoryURL = "https://github.com/krzysztofzablocki/Inject.git";
			requirement = {
				kind = upToNextMajorVersion;
				minimumVersion = 1.5.0;
			};
		};
		75C8C89E2BEE0054008D162B /* XCRemoteSwiftPackageReference "GoogleSignIn-iOS" */ = {
			isa = XCRemoteSwiftPackageReference;
			repositoryURL = "https://github.com/google/GoogleSignIn-iOS";
			requirement = {
				kind = upToNextMajorVersion;
				minimumVersion = 7.1.0;
			};
		};
/* End XCRemoteSwiftPackageReference section */

/* Begin XCSwiftPackageProductDependency section */
		75C8C88A2BEDF5C5008D162B /* Nuke */ = {
			isa = XCSwiftPackageProductDependency;
			package = 75C8C8892BEDF5C5008D162B /* XCRemoteSwiftPackageReference "Nuke" */;
			productName = Nuke;
		};
		75C8C88C2BEDF5C5008D162B /* NukeExtensions */ = {
			isa = XCSwiftPackageProductDependency;
			package = 75C8C8892BEDF5C5008D162B /* XCRemoteSwiftPackageReference "Nuke" */;
			productName = NukeExtensions;
		};
		75C8C88E2BEDF5C5008D162B /* NukeUI */ = {
			isa = XCSwiftPackageProductDependency;
			package = 75C8C8892BEDF5C5008D162B /* XCRemoteSwiftPackageReference "Nuke" */;
			productName = NukeUI;
		};
		75C8C8912BEDF5F7008D162B /* Supabase */ = {
			isa = XCSwiftPackageProductDependency;
			package = 75C8C8902BEDF5F7008D162B /* XCRemoteSwiftPackageReference "supabase-swift" */;
			productName = Supabase;
		};
		75C8C8942BEDF610008D162B /* Alamofire */ = {
			isa = XCSwiftPackageProductDependency;
			package = 75C8C8932BEDF610008D162B /* XCRemoteSwiftPackageReference "Alamofire" */;
			productName = Alamofire;
		};
		75C8C8972BEDF62B008D162B /* Inject */ = {
			isa = XCSwiftPackageProductDependency;
			package = 75C8C8962BEDF62B008D162B /* XCRemoteSwiftPackageReference "Inject" */;
			productName = Inject;
		};
		75C8C89F2BEE0054008D162B /* GoogleSignIn */ = {
			isa = XCSwiftPackageProductDependency;
			package = 75C8C89E2BEE0054008D162B /* XCRemoteSwiftPackageReference "GoogleSignIn-iOS" */;
			productName = GoogleSignIn;
		};
		75C8C8A12BEE0054008D162B /* GoogleSignInSwift */ = {
			isa = XCSwiftPackageProductDependency;
			package = 75C8C89E2BEE0054008D162B /* XCRemoteSwiftPackageReference "GoogleSignIn-iOS" */;
			productName = GoogleSignInSwift;
		};
/* End XCSwiftPackageProductDependency section */
	};
	rootObject = 75C8C8542BEDF59D008D162B /* Project object */;
}
